// !$*UTF8*$!
{
	archiveVersion = 1;
	classes = {
	};
	objectVersion = 77;
	objects = {

/* Begin PBXContainerItemProxy section */
		F824B1442EA51DC1005EF078 /* PBXContainerItemProxy */ = {
			isa = PBXContainerItemProxy;
			containerPortal = F824B12E2EA51DBE005EF078 /* Project object */;
			proxyType = 1;
			remoteGlobalIDString = F824B1352EA51DBE005EF078;
			remoteInfo = AREigo;
		};
		F824B14E2EA51DC1005EF078 /* PBXContainerItemProxy */ = {
			isa = PBXContainerItemProxy;
			containerPortal = F824B12E2EA51DBE005EF078 /* Project object */;
			proxyType = 1;
			remoteGlobalIDString = F824B1352EA51DBE005EF078;
			remoteInfo = AREigo;
		};
/* End PBXContainerItemProxy section */

/* Begin PBXFileReference section */
		F824B1362EA51DBE005EF078 /* AREigo.app */ = {isa = PBXFileReference; explicitFileType = wrapper.application; includeInIndex = 0; path = AREigo.app; sourceTree = BUILT_PRODUCTS_DIR; };
		F824B1432EA51DC1005EF078 /* AREigoTests.xctest */ = {isa = PBXFileReference; explicitFileType = wrapper.cfbundle; includeInIndex = 0; path = AREigoTests.xctest; sourceTree = BUILT_PRODUCTS_DIR; };
		F824B14D2EA51DC1005EF078 /* AREigoUITests.xctest */ = {isa = PBXFileReference; explicitFileType = wrapper.cfbundle; includeInIndex = 0; path = AREigoUITests.xctest; sourceTree = BUILT_PRODUCTS_DIR; };
/* End PBXFileReference section */

/* Begin PBXFileSystemSynchronizedRootGroup section */
		F824B1382EA51DBE005EF078 /* AREigo */ = {
			isa = PBXFileSystemSynchronizedRootGroup;
			path = AREigo;
			sourceTree = "<group>";
		};
		F824B1462EA51DC1005EF078 /* AREigoTests */ = {
			isa = PBXFileSystemSynchronizedRootGroup;
			path = AREigoTests;
			sourceTree = "<group>";
		};
		F824B1502EA51DC1005EF078 /* AREigoUITests */ = {
			isa = PBXFileSystemSynchronizedRootGroup;
			path = AREigoUITests;
			sourceTree = "<group>";
		};
/* End PBXFileSystemSynchronizedRootGroup section */

/* Begin PBXFrameworksBuildPhase section */
		F824B1332EA51DBE005EF078 /* Frameworks */ = {
			isa = PBXFrameworksBuildPhase;
			buildActionMask = 2147483647;
			files = (
			);
			runOnlyForDeploymentPostprocessing = 0;
		};
		F824B1402EA51DC1005EF078 /* Frameworks */ = {
			isa = PBXFrameworksBuildPhase;
			buildActionMask = 2147483647;
			files = (
			);
			runOnlyForDeploymentPostprocessing = 0;
		};
		F824B14A2EA51DC1005EF078 /* Frameworks */ = {
			isa = PBXFrameworksBuildPhase;
			buildActionMask = 2147483647;
			files = (
			);
			runOnlyForDeploymentPostprocessing = 0;
		};
/* End PBXFrameworksBuildPhase section */

/* Begin PBXGroup section */
		F824B12D2EA51DBE005EF078 = {
			isa = PBXGroup;
			children = (
				F824B1382EA51DBE005EF078 /* AREigo */,
				F824B1462EA51DC1005EF078 /* AREigoTests */,
				F824B1502EA51DC1005EF078 /* AREigoUITests */,
				F824B1372EA51DBE005EF078 /* Products */,
			);
			sourceTree = "<group>";
		};
		F824B1372EA51DBE005EF078 /* Products */ = {
			isa = PBXGroup;
			children = (
				F824B1362EA51DBE005EF078 /* AREigo.app */,
				F824B1432EA51DC1005EF078 /* AREigoTests.xctest */,
				F824B14D2EA51DC1005EF078 /* AREigoUITests.xctest */,
			);
			name = Products;
			sourceTree = "<group>";
		};
/* End PBXGroup section */

/* Begin PBXNativeTarget section */
		F824B1352EA51DBE005EF078 /* AREigo */ = {
			isa = PBXNativeTarget;
			buildConfigurationList = F824B1572EA51DC1005EF078 /* Build configuration list for PBXNativeTarget "AREigo" */;
			buildPhases = (
				F824B1322EA51DBE005EF078 /* Sources */,
				F824B1332EA51DBE005EF078 /* Frameworks */,
				F824B1342EA51DBE005EF078 /* Resources */,
			);
			buildRules = (
			);
			dependencies = (
			);
			fileSystemSynchronizedGroups = (
				F824B1382EA51DBE005EF078 /* AREigo */,
			);
			name = AREigo;
			packageProductDependencies = (
			);
			productName = AREigo;
			productReference = F824B1362EA51DBE005EF078 /* AREigo.app */;
			productType = "com.apple.product-type.application";
		};
		F824B1422EA51DC1005EF078 /* AREigoTests */ = {
			isa = PBXNativeTarget;
			buildConfigurationList = F824B15A2EA51DC1005EF078 /* Build configuration list for PBXNativeTarget "AREigoTests" */;
			buildPhases = (
				F824B13F2EA51DC1005EF078 /* Sources */,
				F824B1402EA51DC1005EF078 /* Frameworks */,
				F824B1412EA51DC1005EF078 /* Resources */,
			);
			buildRules = (
			);
			dependencies = (
				F824B1452EA51DC1005EF078 /* PBXTargetDependency */,
			);
			fileSystemSynchronizedGroups = (
				F824B1462EA51DC1005EF078 /* AREigoTests */,
			);
			name = AREigoTests;
			packageProductDependencies = (
			);
			productName = AREigoTests;
			productReference = F824B1432EA51DC1005EF078 /* AREigoTests.xctest */;
			productType = "com.apple.product-type.bundle.unit-test";
		};
		F824B14C2EA51DC1005EF078 /* AREigoUITests */ = {
			isa = PBXNativeTarget;
			buildConfigurationList = F824B15D2EA51DC1005EF078 /* Build configuration list for PBXNativeTarget "AREigoUITests" */;
			buildPhases = (
				F824B1492EA51DC1005EF078 /* Sources */,
				F824B14A2EA51DC1005EF078 /* Frameworks */,
				F824B14B2EA51DC1005EF078 /* Resources */,
			);
			buildRules = (
			);
			dependencies = (
				F824B14F2EA51DC1005EF078 /* PBXTargetDependency */,
			);
			fileSystemSynchronizedGroups = (
				F824B1502EA51DC1005EF078 /* AREigoUITests */,
			);
			name = AREigoUITests;
			packageProductDependencies = (
			);
			productName = AREigoUITests;
			productReference = F824B14D2EA51DC1005EF078 /* AREigoUITests.xctest */;
			productType = "com.apple.product-type.bundle.ui-testing";
		};
/* End PBXNativeTarget section */

/* Begin PBXProject section */
		F824B12E2EA51DBE005EF078 /* Project object */ = {
			isa = PBXProject;
			attributes = {
				BuildIndependentTargetsInParallel = 1;
				LastSwiftUpdateCheck = 1640;
				LastUpgradeCheck = 1640;
				TargetAttributes = {
					F824B1352EA51DBE005EF078 = {
						CreatedOnToolsVersion = 16.4;
					};
					F824B1422EA51DC1005EF078 = {
						CreatedOnToolsVersion = 16.4;
						TestTargetID = F824B1352EA51DBE005EF078;
					};
					F824B14C2EA51DC1005EF078 = {
						CreatedOnToolsVersion = 16.4;
						TestTargetID = F824B1352EA51DBE005EF078;
					};
				};
			};
			buildConfigurationList = F824B1312EA51DBE005EF078 /* Build configuration list for PBXProject "AREigo" */;
			developmentRegion = en;
			hasScannedForEncodings = 0;
			knownRegions = (
				en,
				Base,
			);
			mainGroup = F824B12D2EA51DBE005EF078;
			minimizedProjectReferenceProxies = 1;
			preferredProjectObjectVersion = 77;
			productRefGroup = F824B1372EA51DBE005EF078 /* Products */;
			projectDirPath = "";
			projectRoot = "";
			targets = (
				F824B1352EA51DBE005EF078 /* AREigo */,
				F824B1422EA51DC1005EF078 /* AREigoTests */,
				F824B14C2EA51DC1005EF078 /* AREigoUITests */,
			);
		};
/* End PBXProject section */

/* Begin PBXResourcesBuildPhase section */
		F824B1342EA51DBE005EF078 /* Resources */ = {
			isa = PBXResourcesBuildPhase;
			buildActionMask = 2147483647;
			files = (
			);
			runOnlyForDeploymentPostprocessing = 0;
		};
		F824B1412EA51DC1005EF078 /* Resources */ = {
			isa = PBXResourcesBuildPhase;
			buildActionMask = 2147483647;
			files = (
			);
			runOnlyForDeploymentPostprocessing = 0;
		};
		F824B14B2EA51DC1005EF078 /* Resources */ = {
			isa = PBXResourcesBuildPhase;
			buildActionMask = 2147483647;
			files = (
			);
			runOnlyForDeploymentPostprocessing = 0;
		};
/* End PBXResourcesBuildPhase section */

/* Begin PBXSourcesBuildPhase section */
		F824B1322EA51DBE005EF078 /* Sources */ = {
			isa = PBXSourcesBuildPhase;
			buildActionMask = 2147483647;
			files = (
			);
			runOnlyForDeploymentPostprocessing = 0;
		};
		F824B13F2EA51DC1005EF078 /* Sources */ = {
			isa = PBXSourcesBuildPhase;
			buildActionMask = 2147483647;
			files = (
			);
			runOnlyForDeploymentPostprocessing = 0;
		};
		F824B1492EA51DC1005EF078 /* Sources */ = {
			isa = PBXSourcesBuildPhase;
			buildActionMask = 2147483647;
			files = (
			);
			runOnlyForDeploymentPostprocessing = 0;
		};
/* End PBXSourcesBuildPhase section */

/* Begin PBXTargetDependency section */
		F824B1452EA51DC1005EF078 /* PBXTargetDependency */ = {
			isa = PBXTargetDependency;
			target = F824B1352EA51DBE005EF078 /* AREigo */;
			targetProxy = F824B1442EA51DC1005EF078 /* PBXContainerItemProxy */;
		};
		F824B14F2EA51DC1005EF078 /* PBXTargetDependency */ = {
			isa = PBXTargetDependency;
			target = F824B1352EA51DBE005EF078 /* AREigo */;
			targetProxy = F824B14E2EA51DC1005EF078 /* PBXContainerItemProxy */;
		};
/* End PBXTargetDependency section */

/* Begin XCBuildConfiguration section */
		F824B1552EA51DC1005EF078 /* Debug */ = {
			isa = XCBuildConfiguration;
			buildSettings = {
				ALWAYS_SEARCH_USER_PATHS = NO;
				ASSETCATALOG_COMPILER_GENERATE_SWIFT_ASSET_SYMBOL_EXTENSIONS = YES;
				CLANG_ANALYZER_NONNULL = YES;
				CLANG_ANALYZER_NUMBER_OBJECT_CONVERSION = YES_AGGRESSIVE;
				CLANG_CXX_LANGUAGE_STANDARD = "gnu++20";
				CLANG_ENABLE_MODULES = YES;
				CLANG_ENABLE_OBJC_ARC = YES;
				CLANG_ENABLE_OBJC_WEAK = YES;
				CLANG_WARN_BLOCK_CAPTURE_AUTORELEASING = YES;
				CLANG_WARN_BOOL_CONVERSION = YES;
				CLANG_WARN_COMMA = YES;
				CLANG_WARN_CONSTANT_CONVERSION = YES;
				CLANG_WARN_DEPRECATED_OBJC_IMPLEMENTATIONS = YES;
				CLANG_WARN_DIRECT_OBJC_ISA_USAGE = YES_ERROR;
				CLANG_WARN_DOCUMENTATION_COMMENTS = YES;
				CLANG_WARN_EMPTY_BODY = YES;
				CLANG_WARN_ENUM_CONVERSION = YES;
				CLANG_WARN_INFINITE_RECURSION = YES;
				CLANG_WARN_INT_CONVERSION = YES;
				CLANG_WARN_NON_LITERAL_NULL_CONVERSION = YES;
				CLANG_WARN_OBJC_IMPLICIT_RETAIN_SELF = YES;
				CLANG_WARN_OBJC_LITERAL_CONVERSION = YES;
				CLANG_WARN_OBJC_ROOT_CLASS = YES_ERROR;
				CLANG_WARN_QUOTED_INCLUDE_IN_FRAMEWORK_HEADER = YES;
				CLANG_WARN_RANGE_LOOP_ANALYSIS = YES;
				CLANG_WARN_STRICT_PROTOTYPES = YES;
				CLANG_WARN_SUSPICIOUS_MOVE = YES;
				CLANG_WARN_UNGUARDED_AVAILABILITY = YES_AGGRESSIVE;
				CLANG_WARN_UNREACHABLE_CODE = YES;
				CLANG_WARN__DUPLICATE_METHOD_MATCH = YES;
				COPY_PHASE_STRIP = NO;
				DEBUG_INFORMATION_FORMAT = dwarf;
				DEVELOPMENT_TEAM = F4X59UTGAL;
				ENABLE_STRICT_OBJC_MSGSEND = YES;
				ENABLE_TESTABILITY = YES;
				ENABLE_USER_SCRIPT_SANDBOXING = YES;
				GCC_C_LANGUAGE_STANDARD = gnu17;
				GCC_DYNAMIC_NO_PIC = NO;
				GCC_NO_COMMON_BLOCKS = YES;
				GCC_OPTIMIZATION_LEVEL = 0;
				GCC_PREPROCESSOR_DEFINITIONS = (
					"DEBUG=1",
					"$(inherited)",
				);
				GCC_WARN_64_TO_32_BIT_CONVERSION = YES;
				GCC_WARN_ABOUT_RETURN_TYPE = YES_ERROR;
				GCC_WARN_UNDECLARED_SELECTOR = YES;
				GCC_WARN_UNINITIALIZED_AUTOS = YES_AGGRESSIVE;
				GCC_WARN_UNUSED_FUNCTION = YES;
				GCC_WARN_UNUSED_VARIABLE = YES;
				IPHONEOS_DEPLOYMENT_TARGET = 18.5;
				LOCALIZATION_PREFERS_STRING_CATALOGS = YES;
				MTL_ENABLE_DEBUG_INFO = INCLUDE_SOURCE;
				MTL_FAST_MATH = YES;
				ONLY_ACTIVE_ARCH = YES;
				SDKROOT = iphoneos;
				SWIFT_ACTIVE_COMPILATION_CONDITIONS = "DEBUG $(inherited)";
				SWIFT_OPTIMIZATION_LEVEL = "-Onone";
			};
			name = Debug;
		};
		F824B1562EA51DC1005EF078 /* Release */ = {
			isa = XCBuildConfiguration;
			buildSettings = {
				ALWAYS_SEARCH_USER_PATHS = NO;
				ASSETCATALOG_COMPILER_GENERATE_SWIFT_ASSET_SYMBOL_EXTENSIONS = YES;
				CLANG_ANALYZER_NONNULL = YES;
				CLANG_ANALYZER_NUMBER_OBJECT_CONVERSION = YES_AGGRESSIVE;
				CLANG_CXX_LANGUAGE_STANDARD = "gnu++20";
				CLANG_ENABLE_MODULES = YES;
				CLANG_ENABLE_OBJC_ARC = YES;
				CLANG_ENABLE_OBJC_WEAK = YES;
				CLANG_WARN_BLOCK_CAPTURE_AUTORELEASING = YES;
				CLANG_WARN_BOOL_CONVERSION = YES;
				CLANG_WARN_COMMA = YES;
				CLANG_WARN_CONSTANT_CONVERSION = YES;
				CLANG_WARN_DEPRECATED_OBJC_IMPLEMENTATIONS = YES;
				CLANG_WARN_DIRECT_OBJC_ISA_USAGE = YES_ERROR;
				CLANG_WARN_DOCUMENTATION_COMMENTS = YES;
				CLANG_WARN_EMPTY_BODY = YES;
				CLANG_WARN_ENUM_CONVERSION = YES;
				CLANG_WARN_INFINITE_RECURSION = YES;
				CLANG_WARN_INT_CONVERSION = YES;
				CLANG_WARN_NON_LITERAL_NULL_CONVERSION = YES;
				CLANG_WARN_OBJC_IMPLICIT_RETAIN_SELF = YES;
				CLANG_WARN_OBJC_LITERAL_CONVERSION = YES;
				CLANG_WARN_OBJC_ROOT_CLASS = YES_ERROR;
				CLANG_WARN_QUOTED_INCLUDE_IN_FRAMEWORK_HEADER = YES;
				CLANG_WARN_RANGE_LOOP_ANALYSIS = YES;
				CLANG_WARN_STRICT_PROTOTYPES = YES;
				CLANG_WARN_SUSPICIOUS_MOVE = YES;
				CLANG_WARN_UNGUARDED_AVAILABILITY = YES_AGGRESSIVE;
				CLANG_WARN_UNREACHABLE_CODE = YES;
				CLANG_WARN__DUPLICATE_METHOD_MATCH = YES;
				COPY_PHASE_STRIP = NO;
				DEBUG_INFORMATION_FORMAT = "dwarf-with-dsym";
				DEVELOPMENT_TEAM = F4X59UTGAL;
				ENABLE_NS_ASSERTIONS = NO;
				ENABLE_STRICT_OBJC_MSGSEND = YES;
				ENABLE_USER_SCRIPT_SANDBOXING = YES;
				GCC_C_LANGUAGE_STANDARD = gnu17;
				GCC_NO_COMMON_BLOCKS = YES;
				GCC_WARN_64_TO_32_BIT_CONVERSION = YES;
				GCC_WARN_ABOUT_RETURN_TYPE = YES_ERROR;
				GCC_WARN_UNDECLARED_SELECTOR = YES;
				GCC_WARN_UNINITIALIZED_AUTOS = YES_AGGRESSIVE;
				GCC_WARN_UNUSED_FUNCTION = YES;
				GCC_WARN_UNUSED_VARIABLE = YES;
				IPHONEOS_DEPLOYMENT_TARGET = 18.5;
				LOCALIZATION_PREFERS_STRING_CATALOGS = YES;
				MTL_ENABLE_DEBUG_INFO = NO;
				MTL_FAST_MATH = YES;
				SDKROOT = iphoneos;
				SWIFT_COMPILATION_MODE = wholemodule;
				VALIDATE_PRODUCT = YES;
			};
			name = Release;
		};
		F824B1582EA51DC1005EF078 /* Debug */ = {
			isa = XCBuildConfiguration;
			buildSettings = {
				ASSETCATALOG_COMPILER_APPICON_NAME = AppIcon;
				ASSETCATALOG_COMPILER_GLOBAL_ACCENT_COLOR_NAME = AccentColor;
				CODE_SIGN_STYLE = Automatic;
				CURRENT_PROJECT_VERSION = 1;
				DEVELOPMENT_TEAM = F4X59UTGAL;
				ENABLE_PREVIEWS = YES;
				GENERATE_INFOPLIST_FILE = YES;
				INFOPLIST_KEY_NSCameraUsageDescription = "";
				INFOPLIST_KEY_UIApplicationSupportsIndirectInputEvents = YES;
				INFOPLIST_KEY_UILaunchScreen_Generation = YES;
				INFOPLIST_KEY_UIRequiredDeviceCapabilities = arkit;
				INFOPLIST_KEY_UIStatusBarHidden = YES;
				INFOPLIST_KEY_UISupportedInterfaceOrientations_iPad = "UIInterfaceOrientationPortrait UIInterfaceOrientationPortraitUpsideDown UIInterfaceOrientationLandscapeLeft UIInterfaceOrientationLandscapeRight";
				INFOPLIST_KEY_UISupportedInterfaceOrientations_iPhone = "UIInterfaceOrientationPortrait UIInterfaceOrientationLandscapeLeft UIInterfaceOrientationLandscapeRight";
				LD_RUNPATH_SEARCH_PATHS = (
					"$(inherited)",
					"@executable_path/Frameworks",
				);
				MARKETING_VERSION = 1.0;
				PRODUCT_BUNDLE_IDENTIFIER = com.genichihashi.AREigo;
				PRODUCT_NAME = "$(TARGET_NAME)";
				SWIFT_EMIT_LOC_STRINGS = YES;
				SWIFT_VERSION = 5.0;
				TARGETED_DEVICE_FAMILY = "1,2";
			};
			name = Debug;
		};
		F824B1592EA51DC1005EF078 /* Release */ = {
			isa = XCBuildConfiguration;
			buildSettings = {
				ASSETCATALOG_COMPILER_APPICON_NAME = AppIcon;
				ASSETCATALOG_COMPILER_GLOBAL_ACCENT_COLOR_NAME = AccentColor;
				CODE_SIGN_STYLE = Automatic;
				CURRENT_PROJECT_VERSION = 1;
				DEVELOPMENT_TEAM = F4X59UTGAL;
				ENABLE_PREVIEWS = YES;
				GENERATE_INFOPLIST_FILE = YES;
				INFOPLIST_KEY_NSCameraUsageDescription = "";
				INFOPLIST_KEY_UIApplicationSupportsIndirectInputEvents = YES;
				INFOPLIST_KEY_UILaunchScreen_Generation = YES;
				INFOPLIST_KEY_UIRequiredDeviceCapabilities = arkit;
				INFOPLIST_KEY_UIStatusBarHidden = YES;
				INFOPLIST_KEY_UISupportedInterfaceOrientations_iPad = "UIInterfaceOrientationPortrait UIInterfaceOrientationPortraitUpsideDown UIInterfaceOrientationLandscapeLeft UIInterfaceOrientationLandscapeRight";
				INFOPLIST_KEY_UISupportedInterfaceOrientations_iPhone = "UIInterfaceOrientationPortrait UIInterfaceOrientationLandscapeLeft UIInterfaceOrientationLandscapeRight";
				LD_RUNPATH_SEARCH_PATHS = (
					"$(inherited)",
					"@executable_path/Frameworks",
				);
				MARKETING_VERSION = 1.0;
				PRODUCT_BUNDLE_IDENTIFIER = com.genichihashi.AREigo;
				PRODUCT_NAME = "$(TARGET_NAME)";
				SWIFT_EMIT_LOC_STRINGS = YES;
				SWIFT_VERSION = 5.0;
				TARGETED_DEVICE_FAMILY = "1,2";
			};
			name = Release;
		};
		F824B15B2EA51DC1005EF078 /* Debug */ = {
			isa = XCBuildConfiguration;
			buildSettings = {
				BUNDLE_LOADER = "$(TEST_HOST)";
				CODE_SIGN_STYLE = Automatic;
				CURRENT_PROJECT_VERSION = 1;
				DEVELOPMENT_TEAM = F4X59UTGAL;
				GENERATE_INFOPLIST_FILE = YES;
				IPHONEOS_DEPLOYMENT_TARGET = 18.5;
				MARKETING_VERSION = 1.0;
				PRODUCT_BUNDLE_IDENTIFIER = com.genichihashi.AREigoTests;
				PRODUCT_NAME = "$(TARGET_NAME)";
				SWIFT_EMIT_LOC_STRINGS = NO;
				SWIFT_VERSION = 5.0;
				TARGETED_DEVICE_FAMILY = "1,2";
				TEST_HOST = "$(BUILT_PRODUCTS_DIR)/AREigo.app/$(BUNDLE_EXECUTABLE_FOLDER_PATH)/AREigo";
			};
			name = Debug;
		};
		F824B15C2EA51DC1005EF078 /* Release */ = {
			isa = XCBuildConfiguration;
			buildSettings = {
				BUNDLE_LOADER = "$(TEST_HOST)";
				CODE_SIGN_STYLE = Automatic;
				CURRENT_PROJECT_VERSION = 1;
				DEVELOPMENT_TEAM = F4X59UTGAL;
				GENERATE_INFOPLIST_FILE = YES;
				IPHONEOS_DEPLOYMENT_TARGET = 18.5;
				MARKETING_VERSION = 1.0;
				PRODUCT_BUNDLE_IDENTIFIER = com.genichihashi.AREigoTests;
				PRODUCT_NAME = "$(TARGET_NAME)";
				SWIFT_EMIT_LOC_STRINGS = NO;
				SWIFT_VERSION = 5.0;
				TARGETED_DEVICE_FAMILY = "1,2";
				TEST_HOST = "$(BUILT_PRODUCTS_DIR)/AREigo.app/$(BUNDLE_EXECUTABLE_FOLDER_PATH)/AREigo";
			};
			name = Release;
		};
		F824B15E2EA51DC1005EF078 /* Debug */ = {
			isa = XCBuildConfiguration;
			buildSettings = {
				CODE_SIGN_STYLE = Automatic;
				CURRENT_PROJECT_VERSION = 1;
				DEVELOPMENT_TEAM = F4X59UTGAL;
				GENERATE_INFOPLIST_FILE = YES;
				MARKETING_VERSION = 1.0;
				PRODUCT_BUNDLE_IDENTIFIER = com.genichihashi.AREigoUITests;
				PRODUCT_NAME = "$(TARGET_NAME)";
				SWIFT_EMIT_LOC_STRINGS = NO;
				SWIFT_VERSION = 5.0;
				TARGETED_DEVICE_FAMILY = "1,2";
				TEST_TARGET_NAME = AREigo;
			};
			name = Debug;
		};
		F824B15F2EA51DC1005EF078 /* Release */ = {
			isa = XCBuildConfiguration;
			buildSettings = {
				CODE_SIGN_STYLE = Automatic;
				CURRENT_PROJECT_VERSION = 1;
				DEVELOPMENT_TEAM = F4X59UTGAL;
				GENERATE_INFOPLIST_FILE = YES;
				MARKETING_VERSION = 1.0;
				PRODUCT_BUNDLE_IDENTIFIER = com.genichihashi.AREigoUITests;
				PRODUCT_NAME = "$(TARGET_NAME)";
				SWIFT_EMIT_LOC_STRINGS = NO;
				SWIFT_VERSION = 5.0;
				TARGETED_DEVICE_FAMILY = "1,2";
				TEST_TARGET_NAME = AREigo;
			};
			name = Release;
		};
/* End XCBuildConfiguration section */

/* Begin XCConfigurationList section */
		F824B1312EA51DBE005EF078 /* Build configuration list for PBXProject "AREigo" */ = {
			isa = XCConfigurationList;
			buildConfigurations = (
				F824B1552EA51DC1005EF078 /* Debug */,
				F824B1562EA51DC1005EF078 /* Release */,
			);
			defaultConfigurationIsVisible = 0;
			defaultConfigurationName = Release;
		};
		F824B1572EA51DC1005EF078 /* Build configuration list for PBXNativeTarget "AREigo" */ = {
			isa = XCConfigurationList;
			buildConfigurations = (
				F824B1582EA51DC1005EF078 /* Debug */,
				F824B1592EA51DC1005EF078 /* Release */,
			);
			defaultConfigurationIsVisible = 0;
			defaultConfigurationName = Release;
		};
		F824B15A2EA51DC1005EF078 /* Build configuration list for PBXNativeTarget "AREigoTests" */ = {
			isa = XCConfigurationList;
			buildConfigurations = (
				F824B15B2EA51DC1005EF078 /* Debug */,
				F824B15C2EA51DC1005EF078 /* Release */,
			);
			defaultConfigurationIsVisible = 0;
			defaultConfigurationName = Release;
		};
		F824B15D2EA51DC1005EF078 /* Build configuration list for PBXNativeTarget "AREigoUITests" */ = {
			isa = XCConfigurationList;
			buildConfigurations = (
				F824B15E2EA51DC1005EF078 /* Debug */,
				F824B15F2EA51DC1005EF078 /* Release */,
			);
			defaultConfigurationIsVisible = 0;
			defaultConfigurationName = Release;
		};
/* End XCConfigurationList section */
	};
	rootObject = F824B12E2EA51DBE005EF078 /* Project object */;
}
